
Microsoft Visual Studio Solution File, Format Version 12.00
# Visual Studio 15
VisualStudioVersion = 15.0.27703.2035
MinimumVisualStudioVersion = 10.0.40219.1
Project("{FAE04EC0-301F-11D3-BF4B-00C04F79EFBC}") = "Tinh", "Tinh\Tinh.csproj", "{7CA7C881-7A61-4988-B1C1-A81DC0D2C9BB}"
EndProject
Global
	GlobalSection(SolutionConfigurationPlatforms) = preSolution
		Debug|Any CPU = Debug|Any CPU
		Release|Any CPU = Release|Any CPU
	EndGlobalSection
	GlobalSection(ProjectConfigurationPlatforms) = postSolution
		{7CA7C881-7A61-4988-B1C1-A81DC0D2C9BB}.Debug|Any CPU.ActiveCfg = Debug|Any CPU
		{7CA7C881-7A61-4988-B1C1-A81DC0D2C9BB}.Debug|Any CPU.Build.0 = Debug|Any CPU
		{7CA7C881-7A61-4988-B1C1-A81DC0D2C9BB}.Release|Any CPU.ActiveCfg = Release|Any CPU
		{7CA7C881-7A61-4988-B1C1-A81DC0D2C9BB}.Release|Any CPU.Build.0 = Release|Any CPU
	EndGlobalSection
	GlobalSection(SolutionProperties) = preSolution
		HideSolutionNode = FALSE
	EndGlobalSection
	GlobalSection(ExtensibilityGlobals) = postSolution
		SolutionGuid = {CD2CC50F-480C-4348-AA1D-9B244021D8C0}
	EndGlobalSection
EndGlobal
